
Microsoft Visual Studio Solution File, Format Version 12.00
# Visual Studio Version 16
VisualStudioVersion = 16.0.34729.46
MinimumVisualStudioVersion = 10.0.40219.1
Project("{FAE04EC0-301F-11D3-BF4B-00C04F79EFBC}") = "bestellung_wpf", "bestellung_wpf\bestellung_wpf.csproj", "{C30F8C29-9B3A-4F2C-B092-4540E83EF204}"
EndProject
Global
	GlobalSection(SolutionConfigurationPlatforms) = preSolution
		Debug|Any CPU = Debug|Any CPU
		Release|Any CPU = Release|Any CPU
	EndGlobalSection
	GlobalSection(ProjectConfigurationPlatforms) = postSolution
		{C30F8C29-9B3A-4F2C-B092-4540E83EF204}.Debug|Any CPU.ActiveCfg = Debug|Any CPU
		{C30F8C29-9B3A-4F2C-B092-4540E83EF204}.Debug|Any CPU.Build.0 = Debug|Any CPU
		{C30F8C29-9B3A-4F2C-B092-4540E83EF204}.Release|Any CPU.ActiveCfg = Release|Any CPU
		{C30F8C29-9B3A-4F2C-B092-4540E83EF204}.Release|Any CPU.Build.0 = Release|Any CPU
	EndGlobalSection
	GlobalSection(SolutionProperties) = preSolution
		HideSolutionNode = FALSE
	EndGlobalSection
	GlobalSection(ExtensibilityGlobals) = postSolution
		SolutionGuid = {6F1744D8-72A4-4FFB-9F3E-C71AF9498BE6}
	EndGlobalSection
EndGlobal
